
Microsoft Visual Studio Solution File, Format Version 12.00
# Visual Studio Version 17
VisualStudioVersion = 17.1.32210.238
MinimumVisualStudioVersion = 10.0.40219.1
Project("{FAE04EC0-301F-11D3-BF4B-00C04F79EFBC}") = "HMS(HospitalManagementSystem)", "HMS(HospitalManagementSystem).csproj", "{8CD38723-126E-46F0-BF9C-A2FE697B9040}"
EndProject
Global
	GlobalSection(SolutionConfigurationPlatforms) = preSolution
		Debug|Any CPU = Debug|Any CPU
		Release|Any CPU = Release|Any CPU
	EndGlobalSection
	GlobalSection(ProjectConfigurationPlatforms) = postSolution
		{8CD38723-126E-46F0-BF9C-A2FE697B9040}.Debug|Any CPU.ActiveCfg = Debug|Any CPU
		{8CD38723-126E-46F0-BF9C-A2FE697B9040}.Debug|Any CPU.Build.0 = Debug|Any CPU
		{8CD38723-126E-46F0-BF9C-A2FE697B9040}.Release|Any CPU.ActiveCfg = Release|Any CPU
		{8CD38723-126E-46F0-BF9C-A2FE697B9040}.Release|Any CPU.Build.0 = Release|Any CPU
	EndGlobalSection
	GlobalSection(SolutionProperties) = preSolution
		HideSolutionNode = FALSE
	EndGlobalSection
	GlobalSection(ExtensibilityGlobals) = postSolution
		SolutionGuid = {C91959A0-174F-44C1-8D26-5643DFFA13C0}
	EndGlobalSection
EndGlobal
